
Microsoft Visual Studio Solution File, Format Version 12.00
# Visual Studio Version 17
VisualStudioVersion = 17.12.35527.113
MinimumVisualStudioVersion = 10.0.40219.1
Project("{FAE04EC0-301F-11D3-BF4B-00C04F79EFBC}") = "internshipProject1.WebAPI", "internshipProject1\internshipProject1.WebAPI.csproj", "{63CD5736-C110-4027-BF2D-281B9A48DE75}"
EndProject
Project("{FAE04EC0-301F-11D3-BF4B-00C04F79EFBC}") = "internshipProject1.Infrastructure", "internshipProject1.Infrastructure\internshipProject1.Infrastructure.csproj", "{094E8C1C-9B47-42FF-BA05-2E77F0FDC19F}"
EndProject
Project("{FAE04EC0-301F-11D3-BF4B-00C04F79EFBC}") = "internshipproject1.Domain", "internshipproject1.Domain\internshipproject1.Domain.csproj", "{87F082D7-3566-4D51-A5E3-F14F6194FFEC}"
EndProject
Project("{FAE04EC0-301F-11D3-BF4B-00C04F79EFBC}") = "internshipproject1.Application", "internshipproject1.Application\internshipproject1.Application.csproj", "{B9AAD99B-1965-4A95-BBA1-E982E699CF48}"
EndProject
Project("{2150E333-8FDC-42A3-9474-1A3956D46DE8}") = "Frontend", "Frontend", "{02EA681E-C7D8-13C7-8484-4AC65E1B71E8}"
EndProject
Project("{FAE04EC0-301F-11D3-BF4B-00C04F79EFBC}") = "internshipProject1.WebUI", "internshipProject1.WebUI\internshipProject1.WebUI.csproj", "{FC38DBBD-C0BE-452B-8242-C3DBEF18DC73}"
EndProject
Global
	GlobalSection(SolutionConfigurationPlatforms) = preSolution
		Debug|Any CPU = Debug|Any CPU
		Release|Any CPU = Release|Any CPU
	EndGlobalSection
	GlobalSection(ProjectConfigurationPlatforms) = postSolution
		{63CD5736-C110-4027-BF2D-281B9A48DE75}.Debug|Any CPU.ActiveCfg = Debug|Any CPU
		{63CD5736-C110-4027-BF2D-281B9A48DE75}.Debug|Any CPU.Build.0 = Debug|Any CPU
		{63CD5736-C110-4027-BF2D-281B9A48DE75}.Release|Any CPU.ActiveCfg = Release|Any CPU
		{63CD5736-C110-4027-BF2D-281B9A48DE75}.Release|Any CPU.Build.0 = Release|Any CPU
		{094E8C1C-9B47-42FF-BA05-2E77F0FDC19F}.Debug|Any CPU.ActiveCfg = Debug|Any CPU
		{094E8C1C-9B47-42FF-BA05-2E77F0FDC19F}.Debug|Any CPU.Build.0 = Debug|Any CPU
		{094E8C1C-9B47-42FF-BA05-2E77F0FDC19F}.Release|Any CPU.ActiveCfg = Release|Any CPU
		{094E8C1C-9B47-42FF-BA05-2E77F0FDC19F}.Release|Any CPU.Build.0 = Release|Any CPU
		{87F082D7-3566-4D51-A5E3-F14F6194FFEC}.Debug|Any CPU.ActiveCfg = Debug|Any CPU
		{87F082D7-3566-4D51-A5E3-F14F6194FFEC}.Debug|Any CPU.Build.0 = Debug|Any CPU
		{87F082D7-3566-4D51-A5E3-F14F6194FFEC}.Release|Any CPU.ActiveCfg = Release|Any CPU
		{87F082D7-3566-4D51-A5E3-F14F6194FFEC}.Release|Any CPU.Build.0 = Release|Any CPU
		{B9AAD99B-1965-4A95-BBA1-E982E699CF48}.Debug|Any CPU.ActiveCfg = Debug|Any CPU
		{B9AAD99B-1965-4A95-BBA1-E982E699CF48}.Debug|Any CPU.Build.0 = Debug|Any CPU
		{B9AAD99B-1965-4A95-BBA1-E982E699CF48}.Release|Any CPU.ActiveCfg = Release|Any CPU
		{B9AAD99B-1965-4A95-BBA1-E982E699CF48}.Release|Any CPU.Build.0 = Release|Any CPU
		{FC38DBBD-C0BE-452B-8242-C3DBEF18DC73}.Debug|Any CPU.ActiveCfg = Debug|Any CPU
		{FC38DBBD-C0BE-452B-8242-C3DBEF18DC73}.Debug|Any CPU.Build.0 = Debug|Any CPU
		{FC38DBBD-C0BE-452B-8242-C3DBEF18DC73}.Release|Any CPU.ActiveCfg = Release|Any CPU
		{FC38DBBD-C0BE-452B-8242-C3DBEF18DC73}.Release|Any CPU.Build.0 = Release|Any CPU
	EndGlobalSection
	GlobalSection(SolutionProperties) = preSolution
		HideSolutionNode = FALSE
	EndGlobalSection
	GlobalSection(NestedProjects) = preSolution
		{FC38DBBD-C0BE-452B-8242-C3DBEF18DC73} = {02EA681E-C7D8-13C7-8484-4AC65E1B71E8}
	EndGlobalSection
	GlobalSection(ExtensibilityGlobals) = postSolution
		SolutionGuid = {EAB80D6A-D271-4711-8066-127D9FCC9FDC}
	EndGlobalSection
EndGlobal
